
Microsoft Visual Studio Solution File, Format Version 12.00
# Visual Studio Version 17
VisualStudioVersion = 17.4.33110.190
MinimumVisualStudioVersion = 10.0.40219.1
Project("{F184B08F-C81C-45F6-A57F-5ABD9991F28F}") = "ExceptionCase", "ExceptionCase\ExceptionCase.vbproj", "{096601D0-9735-4F8E-B187-7F46EDB0343E}"
EndProject
Global
	GlobalSection(SolutionConfigurationPlatforms) = preSolution
		Debug|Any CPU = Debug|Any CPU
		Release|Any CPU = Release|Any CPU
	EndGlobalSection
	GlobalSection(ProjectConfigurationPlatforms) = postSolution
		{096601D0-9735-4F8E-B187-7F46EDB0343E}.Debug|Any CPU.ActiveCfg = Debug|Any CPU
		{096601D0-9735-4F8E-B187-7F46EDB0343E}.Debug|Any CPU.Build.0 = Debug|Any CPU
		{096601D0-9735-4F8E-B187-7F46EDB0343E}.Release|Any CPU.ActiveCfg = Release|Any CPU
		{096601D0-9735-4F8E-B187-7F46EDB0343E}.Release|Any CPU.Build.0 = Release|Any CPU
	EndGlobalSection
	GlobalSection(SolutionProperties) = preSolution
		HideSolutionNode = FALSE
	EndGlobalSection
	GlobalSection(ExtensibilityGlobals) = postSolution
		SolutionGuid = {A0D262A2-F2F5-4BBE-9FAD-65716AEC0934}
	EndGlobalSection
EndGlobal
